
Microsoft Visual Studio Solution File, Format Version 12.00
# Visual Studio Version 17
VisualStudioVersion = 17.2.32630.192
MinimumVisualStudioVersion = 10.0.40219.1
Project("{FAE04EC0-301F-11D3-BF4B-00C04F79EFBC}") = "WindowsFormsApp_FOR_LABS", "WindowsFormsApp_FOR_LABS\WindowsFormsApp_FOR_LABS.csproj", "{108FFFD6-BDAA-4DC3-A48D-1B920703A548}"
EndProject
Project("{FAE04EC0-301F-11D3-BF4B-00C04F79EFBC}") = "WindowsFormsControlLibraryCraftbanch", "WindowsFormsControlLibraryCraftbanch\WindowsFormsControlLibraryCraftbanch.csproj", "{675DA9A3-C4D3-4319-8A00-198BE5B46638}"
EndProject
Global
	GlobalSection(SolutionConfigurationPlatforms) = preSolution
		Debug|Any CPU = Debug|Any CPU
		Release|Any CPU = Release|Any CPU
	EndGlobalSection
	GlobalSection(ProjectConfigurationPlatforms) = postSolution
		{108FFFD6-BDAA-4DC3-A48D-1B920703A548}.Debug|Any CPU.ActiveCfg = Debug|Any CPU
		{108FFFD6-BDAA-4DC3-A48D-1B920703A548}.Debug|Any CPU.Build.0 = Debug|Any CPU
		{108FFFD6-BDAA-4DC3-A48D-1B920703A548}.Release|Any CPU.ActiveCfg = Release|Any CPU
		{108FFFD6-BDAA-4DC3-A48D-1B920703A548}.Release|Any CPU.Build.0 = Release|Any CPU
		{675DA9A3-C4D3-4319-8A00-198BE5B46638}.Debug|Any CPU.ActiveCfg = Debug|Any CPU
		{675DA9A3-C4D3-4319-8A00-198BE5B46638}.Debug|Any CPU.Build.0 = Debug|Any CPU
		{675DA9A3-C4D3-4319-8A00-198BE5B46638}.Release|Any CPU.ActiveCfg = Release|Any CPU
		{675DA9A3-C4D3-4319-8A00-198BE5B46638}.Release|Any CPU.Build.0 = Release|Any CPU
	EndGlobalSection
	GlobalSection(SolutionProperties) = preSolution
		HideSolutionNode = FALSE
	EndGlobalSection
	GlobalSection(ExtensibilityGlobals) = postSolution
		SolutionGuid = {C6E655EA-2AF1-43F7-8182-FC58B3EBB1AB}
	EndGlobalSection
EndGlobal
