
Microsoft Visual Studio Solution File, Format Version 12.00
# Visual Studio Version 17
VisualStudioVersion = 17.2.32630.192
MinimumVisualStudioVersion = 10.0.40219.1
Project("{9A19103F-16F7-4668-BE54-9A1E7A4F7556}") = "Lab10_Server", "Lab10_Server\Lab10_Server.csproj", "{5E761238-3D90-4992-89EB-1809BDF25106}"
EndProject
Project("{2150E333-8FDC-42A3-9474-1A3956D46DE8}") = "Solution Items", "Solution Items", "{0542828C-6354-4CE6-B05D-EBFDC94D180C}"
	ProjectSection(SolutionItems) = preProject
		.editorconfig = .editorconfig
	EndProjectSection
EndProject
Project("{FAE04EC0-301F-11D3-BF4B-00C04F79EFBC}") = "ClassLibraryAuto", "ClassLibraryAuto\ClassLibraryAuto.csproj", "{8CC1EC67-2E6A-41E0-B1C0-A598E8B59976}"
EndProject
Project("{FAE04EC0-301F-11D3-BF4B-00C04F79EFBC}") = "Lab_10_client", "Lab_10_client\Lab_10_client.csproj", "{D67FF309-2EFF-4586-91DE-CC20722FAF80}"
EndProject
Global
	GlobalSection(SolutionConfigurationPlatforms) = preSolution
		Debug|Any CPU = Debug|Any CPU
		Release|Any CPU = Release|Any CPU
	EndGlobalSection
	GlobalSection(ProjectConfigurationPlatforms) = postSolution
		{5E761238-3D90-4992-89EB-1809BDF25106}.Debug|Any CPU.ActiveCfg = Debug|Any CPU
		{5E761238-3D90-4992-89EB-1809BDF25106}.Debug|Any CPU.Build.0 = Debug|Any CPU
		{5E761238-3D90-4992-89EB-1809BDF25106}.Release|Any CPU.ActiveCfg = Release|Any CPU
		{5E761238-3D90-4992-89EB-1809BDF25106}.Release|Any CPU.Build.0 = Release|Any CPU
		{8CC1EC67-2E6A-41E0-B1C0-A598E8B59976}.Debug|Any CPU.ActiveCfg = Debug|Any CPU
		{8CC1EC67-2E6A-41E0-B1C0-A598E8B59976}.Debug|Any CPU.Build.0 = Debug|Any CPU
		{8CC1EC67-2E6A-41E0-B1C0-A598E8B59976}.Release|Any CPU.ActiveCfg = Release|Any CPU
		{8CC1EC67-2E6A-41E0-B1C0-A598E8B59976}.Release|Any CPU.Build.0 = Release|Any CPU
		{D67FF309-2EFF-4586-91DE-CC20722FAF80}.Debug|Any CPU.ActiveCfg = Debug|Any CPU
		{D67FF309-2EFF-4586-91DE-CC20722FAF80}.Debug|Any CPU.Build.0 = Debug|Any CPU
		{D67FF309-2EFF-4586-91DE-CC20722FAF80}.Release|Any CPU.ActiveCfg = Release|Any CPU
		{D67FF309-2EFF-4586-91DE-CC20722FAF80}.Release|Any CPU.Build.0 = Release|Any CPU
	EndGlobalSection
	GlobalSection(SolutionProperties) = preSolution
		HideSolutionNode = FALSE
	EndGlobalSection
	GlobalSection(ExtensibilityGlobals) = postSolution
		SolutionGuid = {C6E655EA-2AF1-43F7-8182-FC58B3EBB1AB}
	EndGlobalSection
EndGlobal
