
Microsoft Visual Studio Solution File, Format Version 12.00
# Visual Studio Version 16
VisualStudioVersion = 16.0.32929.386
MinimumVisualStudioVersion = 10.0.40219.1
Project("{FAE04EC0-301F-11D3-BF4B-00C04F79EFBC}") = "Lab-9.1", "Lab-9.1.csproj", "{21D82319-4C90-43EB-9456-78EC7BE0B28D}"
EndProject
Global
	GlobalSection(SolutionConfigurationPlatforms) = preSolution
		Debug|Any CPU = Debug|Any CPU
		Release|Any CPU = Release|Any CPU
	EndGlobalSection
	GlobalSection(ProjectConfigurationPlatforms) = postSolution
		{21D82319-4C90-43EB-9456-78EC7BE0B28D}.Debug|Any CPU.ActiveCfg = Debug|Any CPU
		{21D82319-4C90-43EB-9456-78EC7BE0B28D}.Debug|Any CPU.Build.0 = Debug|Any CPU
		{21D82319-4C90-43EB-9456-78EC7BE0B28D}.Release|Any CPU.ActiveCfg = Release|Any CPU
		{21D82319-4C90-43EB-9456-78EC7BE0B28D}.Release|Any CPU.Build.0 = Release|Any CPU
	EndGlobalSection
	GlobalSection(SolutionProperties) = preSolution
		HideSolutionNode = FALSE
	EndGlobalSection
	GlobalSection(ExtensibilityGlobals) = postSolution
		SolutionGuid = {72028522-38A5-45B8-99BD-95D9813AA1B2}
	EndGlobalSection
EndGlobal
